
Microsoft Visual Studio Solution File, Format Version 12.00
# Visual Studio Version 17
VisualStudioVersion = 17.11.35208.52
MinimumVisualStudioVersion = 10.0.40219.1
Project("{FAE04EC0-301F-11D3-BF4B-00C04F79EFBC}") = "Playlist-Generator", "Playlist-Generator\Playlist-Generator.csproj", "{022C524D-ACF7-4705-B058-A85381E8059D}"
EndProject
Global
	GlobalSection(SolutionConfigurationPlatforms) = preSolution
		Debug|Any CPU = Debug|Any CPU
		Release|Any CPU = Release|Any CPU
	EndGlobalSection
	GlobalSection(ProjectConfigurationPlatforms) = postSolution
		{022C524D-ACF7-4705-B058-A85381E8059D}.Debug|Any CPU.ActiveCfg = Debug|Any CPU
		{022C524D-ACF7-4705-B058-A85381E8059D}.Debug|Any CPU.Build.0 = Debug|Any CPU
		{022C524D-ACF7-4705-B058-A85381E8059D}.Release|Any CPU.ActiveCfg = Release|Any CPU
		{022C524D-ACF7-4705-B058-A85381E8059D}.Release|Any CPU.Build.0 = Release|Any CPU
	EndGlobalSection
	GlobalSection(SolutionProperties) = preSolution
		HideSolutionNode = FALSE
	EndGlobalSection
	GlobalSection(ExtensibilityGlobals) = postSolution
		SolutionGuid = {F8316747-886B-49FD-8726-15AA3F87761E}
	EndGlobalSection
EndGlobal
